#include <iostream>
#include <fstream>
#include <string>
#include <filesystem> // Librería filesystem.h para operaciones de archivo y directorio
#include <windows.h> // Librería windows.h para utilizar la función 

using namespace std;

int main() {
    int numArchivos;
    cout << "Ingrese la cantidad de archivos que desea crear: ";
    cin >> numArchivos;

    // Crear archivos
    for (int i = 1; i <= numArchivos; i++) {
        // Generar el nombre del archivo en base al contador
        string nombreArchivo = "archivo" + to_string(i) + ".txt";
        // Crear un objeto ofstream para escribir en el archivo
        ofstream archivo(nombreArchivo);

        // Verificar si el archivo se abrió correctamente
        if (archivo.is_open()) {
            // Escribir texto dentro del archivo
            archivo << "Texto dentro del archivo " << nombreArchivo << endl;
            // Cerrar el archivo
            archivo.close();
            cout << "Archivo " << nombreArchivo << " fue creado exitosamente." << endl;
        }
        else {
            cout << "No se pudo crear el archivo " << nombreArchivo << endl;
        }
    }

    // Contar archivos y mostrar resultado
    int numArchivosCreados = 0;
    ifstream archivo;
    string nombreArchivo;
    while (numArchivosCreados < numArchivos) {
        // Generar el nombre del archivo en base al contador
        nombreArchivo = "archivo" + to_string(numArchivosCreados + 1) + ".txt";
        // Abrir el archivo en modo lectura
        archivo.open(nombreArchivo);
        if (archivo.is_open()) {
            // Si se pudo abrir, incrementar el contador de archivos creados
            numArchivosCreados++;
            archivo.close();
        }
        else {
            // Si no se pudo abrir, salir del ciclo
            break;
        }
    }

    // Mostrar el resultado del conteo de archivos
    cout << "Se crearon " << numArchivosCreados << " archivos." << endl;

    return 0;
}
